
Microsoft Visual Studio Solution File, Format Version 12.00
Project("{2150E333-8FDC-42A3-9474-1A3956D46DE8}") = "Services", "Services", "{C6BDAFD3-7F23-435D-8E04-677A5F64F1BE}"
EndProject
Project("{2150E333-8FDC-42A3-9474-1A3956D46DE8}") = "Catalog", "Catalog", "{9AEE41F9-7D60-41B6-A62D-695D5408E24D}"
EndProject
Project("{FAE04EC0-301F-11D3-BF4B-00C04F79EFBC}") = "docker-compose", "docker-compose.dcproj", "{C0B4AE7E-7E4C-45B2-A81C-B50412978ABF}"
EndProject
Project("{2150E333-8FDC-42A3-9474-1A3956D46DE8}") = "Basket", "Basket", "{8DEE379C-CEBE-42B0-AFD2-2B1EA6671E73}"
EndProject
Project("{FAE04EC0-301F-11D3-BF4B-00C04F79EFBC}") = "Basket.Application", "Services\Basket\Basket.Application\Basket.Application.csproj", "{C5DE77E1-9E7C-4B3D-BC4B-A211152F640D}"
EndProject
Project("{FAE04EC0-301F-11D3-BF4B-00C04F79EFBC}") = "Basket.Core", "Services\Basket\Basket.Core\Basket.Core.csproj", "{207E495C-D382-4871-8057-CFB56B8E8232}"
EndProject
Project("{FAE04EC0-301F-11D3-BF4B-00C04F79EFBC}") = "Basket.Infrastructure", "Services\Basket\Basket.Infrastructure\Basket.Infrastructure.csproj", "{1C304F87-22E9-41B5-9A92-C6178EFDCA6E}"
EndProject
Project("{FAE04EC0-301F-11D3-BF4B-00C04F79EFBC}") = "Basket.API", "Services\Basket\Basket.API\Basket.API.csproj", "{973BE53C-D53D-4DA5-B034-5E3666774B0F}"
EndProject
Project("{FAE04EC0-301F-11D3-BF4B-00C04F79EFBC}") = "Catalog.Infrastructure", "Services\Catalog\Catalog.Infrastructure\Catalog.Infrastructure.csproj", "{D4B42883-D91B-4811-AFF8-574F7268F18D}"
EndProject
Project("{FAE04EC0-301F-11D3-BF4B-00C04F79EFBC}") = "Catalog.Core", "Services\Catalog\Catalog.Core\Catalog.Core.csproj", "{EC8AC67F-DFEB-483C-AC40-24F97F9BCC7D}"
EndProject
Project("{FAE04EC0-301F-11D3-BF4B-00C04F79EFBC}") = "Catalog.Application", "Services\Catalog\Catalog.Application\Catalog.Application.csproj", "{C5AAA537-5980-454C-BE63-48670BF50FD6}"
EndProject
Project("{FAE04EC0-301F-11D3-BF4B-00C04F79EFBC}") = "Catalog.API", "Services\Catalog\Catalog.API\Catalog.API.csproj", "{4B7531C1-2512-475A-8D99-1D99FE6D2FB3}"
EndProject
Project("{2150E333-8FDC-42A3-9474-1A3956D46DE8}") = "Discount", "Discount", "{5A53B4B9-76A7-4B3A-AD89-1209E3077EBB}"
EndProject
Project("{FAE04EC0-301F-11D3-BF4B-00C04F79EFBC}") = "Discount.API", "Services\Discount\Discount.API\Discount.API.csproj", "{CF44FA27-0896-45BE-B4B2-3A972E0B345D}"
EndProject
Project("{FAE04EC0-301F-11D3-BF4B-00C04F79EFBC}") = "Discount.Core", "Services\Discount\Discount.Core\Discount.Core.csproj", "{2DEBB2BA-4D92-4FEA-8EA6-59150E5E9569}"
EndProject
Project("{FAE04EC0-301F-11D3-BF4B-00C04F79EFBC}") = "Discount.Application", "Services\Discount\Discount.Application\Discount.Application.csproj", "{2A7EDC48-E906-4457-BA87-6AFEDAA0B001}"
EndProject
Project("{FAE04EC0-301F-11D3-BF4B-00C04F79EFBC}") = "Discount.Infrastructure", "Services\Discount\Discount.Infrastructure\Discount.Infrastructure.csproj", "{40C26941-FD22-4A04-9860-BEF4679521B3}"
EndProject
Global
	GlobalSection(SolutionConfigurationPlatforms) = preSolution
		Debug|Any CPU = Debug|Any CPU
		Release|Any CPU = Release|Any CPU
	EndGlobalSection
	GlobalSection(NestedProjects) = preSolution
		{9AEE41F9-7D60-41B6-A62D-695D5408E24D} = {C6BDAFD3-7F23-435D-8E04-677A5F64F1BE}
		{8DEE379C-CEBE-42B0-AFD2-2B1EA6671E73} = {C6BDAFD3-7F23-435D-8E04-677A5F64F1BE}
		{C5DE77E1-9E7C-4B3D-BC4B-A211152F640D} = {8DEE379C-CEBE-42B0-AFD2-2B1EA6671E73}
		{207E495C-D382-4871-8057-CFB56B8E8232} = {8DEE379C-CEBE-42B0-AFD2-2B1EA6671E73}
		{1C304F87-22E9-41B5-9A92-C6178EFDCA6E} = {8DEE379C-CEBE-42B0-AFD2-2B1EA6671E73}
		{973BE53C-D53D-4DA5-B034-5E3666774B0F} = {8DEE379C-CEBE-42B0-AFD2-2B1EA6671E73}
		{D4B42883-D91B-4811-AFF8-574F7268F18D} = {9AEE41F9-7D60-41B6-A62D-695D5408E24D}
		{EC8AC67F-DFEB-483C-AC40-24F97F9BCC7D} = {9AEE41F9-7D60-41B6-A62D-695D5408E24D}
		{C5AAA537-5980-454C-BE63-48670BF50FD6} = {9AEE41F9-7D60-41B6-A62D-695D5408E24D}
		{4B7531C1-2512-475A-8D99-1D99FE6D2FB3} = {9AEE41F9-7D60-41B6-A62D-695D5408E24D}
		{5A53B4B9-76A7-4B3A-AD89-1209E3077EBB} = {C6BDAFD3-7F23-435D-8E04-677A5F64F1BE}
		{CF44FA27-0896-45BE-B4B2-3A972E0B345D} = {5A53B4B9-76A7-4B3A-AD89-1209E3077EBB}
		{2DEBB2BA-4D92-4FEA-8EA6-59150E5E9569} = {5A53B4B9-76A7-4B3A-AD89-1209E3077EBB}
		{2A7EDC48-E906-4457-BA87-6AFEDAA0B001} = {5A53B4B9-76A7-4B3A-AD89-1209E3077EBB}
		{40C26941-FD22-4A04-9860-BEF4679521B3} = {5A53B4B9-76A7-4B3A-AD89-1209E3077EBB}
	EndGlobalSection
	GlobalSection(ProjectConfigurationPlatforms) = postSolution
		{C5DE77E1-9E7C-4B3D-BC4B-A211152F640D}.Debug|Any CPU.ActiveCfg = Debug|Any CPU
		{C5DE77E1-9E7C-4B3D-BC4B-A211152F640D}.Debug|Any CPU.Build.0 = Debug|Any CPU
		{C5DE77E1-9E7C-4B3D-BC4B-A211152F640D}.Release|Any CPU.ActiveCfg = Release|Any CPU
		{C5DE77E1-9E7C-4B3D-BC4B-A211152F640D}.Release|Any CPU.Build.0 = Release|Any CPU
		{207E495C-D382-4871-8057-CFB56B8E8232}.Debug|Any CPU.ActiveCfg = Debug|Any CPU
		{207E495C-D382-4871-8057-CFB56B8E8232}.Debug|Any CPU.Build.0 = Debug|Any CPU
		{207E495C-D382-4871-8057-CFB56B8E8232}.Release|Any CPU.ActiveCfg = Release|Any CPU
		{207E495C-D382-4871-8057-CFB56B8E8232}.Release|Any CPU.Build.0 = Release|Any CPU
		{1C304F87-22E9-41B5-9A92-C6178EFDCA6E}.Debug|Any CPU.ActiveCfg = Debug|Any CPU
		{1C304F87-22E9-41B5-9A92-C6178EFDCA6E}.Debug|Any CPU.Build.0 = Debug|Any CPU
		{1C304F87-22E9-41B5-9A92-C6178EFDCA6E}.Release|Any CPU.ActiveCfg = Release|Any CPU
		{1C304F87-22E9-41B5-9A92-C6178EFDCA6E}.Release|Any CPU.Build.0 = Release|Any CPU
		{973BE53C-D53D-4DA5-B034-5E3666774B0F}.Debug|Any CPU.ActiveCfg = Debug|Any CPU
		{973BE53C-D53D-4DA5-B034-5E3666774B0F}.Debug|Any CPU.Build.0 = Debug|Any CPU
		{973BE53C-D53D-4DA5-B034-5E3666774B0F}.Release|Any CPU.ActiveCfg = Release|Any CPU
		{973BE53C-D53D-4DA5-B034-5E3666774B0F}.Release|Any CPU.Build.0 = Release|Any CPU
		{D4B42883-D91B-4811-AFF8-574F7268F18D}.Debug|Any CPU.ActiveCfg = Debug|Any CPU
		{D4B42883-D91B-4811-AFF8-574F7268F18D}.Debug|Any CPU.Build.0 = Debug|Any CPU
		{D4B42883-D91B-4811-AFF8-574F7268F18D}.Release|Any CPU.ActiveCfg = Release|Any CPU
		{D4B42883-D91B-4811-AFF8-574F7268F18D}.Release|Any CPU.Build.0 = Release|Any CPU
		{EC8AC67F-DFEB-483C-AC40-24F97F9BCC7D}.Debug|Any CPU.ActiveCfg = Debug|Any CPU
		{EC8AC67F-DFEB-483C-AC40-24F97F9BCC7D}.Debug|Any CPU.Build.0 = Debug|Any CPU
		{EC8AC67F-DFEB-483C-AC40-24F97F9BCC7D}.Release|Any CPU.ActiveCfg = Release|Any CPU
		{EC8AC67F-DFEB-483C-AC40-24F97F9BCC7D}.Release|Any CPU.Build.0 = Release|Any CPU
		{C5AAA537-5980-454C-BE63-48670BF50FD6}.Debug|Any CPU.ActiveCfg = Debug|Any CPU
		{C5AAA537-5980-454C-BE63-48670BF50FD6}.Debug|Any CPU.Build.0 = Debug|Any CPU
		{C5AAA537-5980-454C-BE63-48670BF50FD6}.Release|Any CPU.ActiveCfg = Release|Any CPU
		{C5AAA537-5980-454C-BE63-48670BF50FD6}.Release|Any CPU.Build.0 = Release|Any CPU
		{4B7531C1-2512-475A-8D99-1D99FE6D2FB3}.Debug|Any CPU.ActiveCfg = Debug|Any CPU
		{4B7531C1-2512-475A-8D99-1D99FE6D2FB3}.Debug|Any CPU.Build.0 = Debug|Any CPU
		{4B7531C1-2512-475A-8D99-1D99FE6D2FB3}.Release|Any CPU.ActiveCfg = Release|Any CPU
		{4B7531C1-2512-475A-8D99-1D99FE6D2FB3}.Release|Any CPU.Build.0 = Release|Any CPU
		{CF44FA27-0896-45BE-B4B2-3A972E0B345D}.Debug|Any CPU.ActiveCfg = Debug|Any CPU
		{CF44FA27-0896-45BE-B4B2-3A972E0B345D}.Debug|Any CPU.Build.0 = Debug|Any CPU
		{CF44FA27-0896-45BE-B4B2-3A972E0B345D}.Release|Any CPU.ActiveCfg = Release|Any CPU
		{CF44FA27-0896-45BE-B4B2-3A972E0B345D}.Release|Any CPU.Build.0 = Release|Any CPU
		{2DEBB2BA-4D92-4FEA-8EA6-59150E5E9569}.Debug|Any CPU.ActiveCfg = Debug|Any CPU
		{2DEBB2BA-4D92-4FEA-8EA6-59150E5E9569}.Debug|Any CPU.Build.0 = Debug|Any CPU
		{2DEBB2BA-4D92-4FEA-8EA6-59150E5E9569}.Release|Any CPU.ActiveCfg = Release|Any CPU
		{2DEBB2BA-4D92-4FEA-8EA6-59150E5E9569}.Release|Any CPU.Build.0 = Release|Any CPU
		{2A7EDC48-E906-4457-BA87-6AFEDAA0B001}.Debug|Any CPU.ActiveCfg = Debug|Any CPU
		{2A7EDC48-E906-4457-BA87-6AFEDAA0B001}.Debug|Any CPU.Build.0 = Debug|Any CPU
		{2A7EDC48-E906-4457-BA87-6AFEDAA0B001}.Release|Any CPU.ActiveCfg = Release|Any CPU
		{2A7EDC48-E906-4457-BA87-6AFEDAA0B001}.Release|Any CPU.Build.0 = Release|Any CPU
		{40C26941-FD22-4A04-9860-BEF4679521B3}.Debug|Any CPU.ActiveCfg = Debug|Any CPU
		{40C26941-FD22-4A04-9860-BEF4679521B3}.Debug|Any CPU.Build.0 = Debug|Any CPU
		{40C26941-FD22-4A04-9860-BEF4679521B3}.Release|Any CPU.ActiveCfg = Release|Any CPU
		{40C26941-FD22-4A04-9860-BEF4679521B3}.Release|Any CPU.Build.0 = Release|Any CPU
	EndGlobalSection
EndGlobal
